
Microsoft Visual Studio Solution File, Format Version 12.00
# Visual Studio 14
VisualStudioVersion = 14.0.22823.1
MinimumVisualStudioVersion = 10.0.40219.1
Project("{FAE04EC0-301F-11D3-BF4B-00C04F79EFBC}") = "SensorbergSDK", "SensorbergSDK\SensorbergSDK.csproj", "{BFFEC28E-CDD9-45E7-9D77-171836818596}"
EndProject
Project("{FAE04EC0-301F-11D3-BF4B-00C04F79EFBC}") = "SensorbergSDKBackground", "SensorbergSDKBackground\SensorbergSDKBackground.csproj", "{EC93C6DB-5B9C-434D-93BB-8A940AD7A3B1}"
EndProject
Project("{FAE04EC0-301F-11D3-BF4B-00C04F79EFBC}") = "SensorbergSimpleApp", "SensorbergSimpleApp\SensorbergSimpleApp.csproj", "{E01B3FD5-6350-42B3-83FC-5829994D6EE3}"
EndProject
Global
	GlobalSection(SolutionConfigurationPlatforms) = preSolution
		Debug|ARM = Debug|ARM
		Debug|x64 = Debug|x64
		Debug|x86 = Debug|x86
		Release|ARM = Release|ARM
		Release|x64 = Release|x64
		Release|x86 = Release|x86
	EndGlobalSection
	GlobalSection(ProjectConfigurationPlatforms) = postSolution
		{BFFEC28E-CDD9-45E7-9D77-171836818596}.Debug|ARM.ActiveCfg = Debug|ARM
		{BFFEC28E-CDD9-45E7-9D77-171836818596}.Debug|ARM.Build.0 = Debug|ARM
		{BFFEC28E-CDD9-45E7-9D77-171836818596}.Debug|x64.ActiveCfg = Debug|x64
		{BFFEC28E-CDD9-45E7-9D77-171836818596}.Debug|x64.Build.0 = Debug|x64
		{BFFEC28E-CDD9-45E7-9D77-171836818596}.Debug|x86.ActiveCfg = Debug|x86
		{BFFEC28E-CDD9-45E7-9D77-171836818596}.Debug|x86.Build.0 = Debug|x86
		{BFFEC28E-CDD9-45E7-9D77-171836818596}.Release|ARM.ActiveCfg = Release|ARM
		{BFFEC28E-CDD9-45E7-9D77-171836818596}.Release|ARM.Build.0 = Release|ARM
		{BFFEC28E-CDD9-45E7-9D77-171836818596}.Release|x64.ActiveCfg = Release|x64
		{BFFEC28E-CDD9-45E7-9D77-171836818596}.Release|x64.Build.0 = Release|x64
		{BFFEC28E-CDD9-45E7-9D77-171836818596}.Release|x86.ActiveCfg = Release|x86
		{BFFEC28E-CDD9-45E7-9D77-171836818596}.Release|x86.Build.0 = Release|x86
		{EC93C6DB-5B9C-434D-93BB-8A940AD7A3B1}.Debug|ARM.ActiveCfg = Debug|ARM
		{EC93C6DB-5B9C-434D-93BB-8A940AD7A3B1}.Debug|ARM.Build.0 = Debug|ARM
		{EC93C6DB-5B9C-434D-93BB-8A940AD7A3B1}.Debug|x64.ActiveCfg = Debug|x64
		{EC93C6DB-5B9C-434D-93BB-8A940AD7A3B1}.Debug|x64.Build.0 = Debug|x64
		{EC93C6DB-5B9C-434D-93BB-8A940AD7A3B1}.Debug|x86.ActiveCfg = Debug|x86
		{EC93C6DB-5B9C-434D-93BB-8A940AD7A3B1}.Debug|x86.Build.0 = Debug|x86
		{EC93C6DB-5B9C-434D-93BB-8A940AD7A3B1}.Release|ARM.ActiveCfg = Release|ARM
		{EC93C6DB-5B9C-434D-93BB-8A940AD7A3B1}.Release|ARM.Build.0 = Release|ARM
		{EC93C6DB-5B9C-434D-93BB-8A940AD7A3B1}.Release|x64.ActiveCfg = Release|x64
		{EC93C6DB-5B9C-434D-93BB-8A940AD7A3B1}.Release|x64.Build.0 = Release|x64
		{EC93C6DB-5B9C-434D-93BB-8A940AD7A3B1}.Release|x86.ActiveCfg = Release|x86
		{EC93C6DB-5B9C-434D-93BB-8A940AD7A3B1}.Release|x86.Build.0 = Release|x86
		{E01B3FD5-6350-42B3-83FC-5829994D6EE3}.Debug|ARM.ActiveCfg = Debug|ARM
		{E01B3FD5-6350-42B3-83FC-5829994D6EE3}.Debug|ARM.Build.0 = Debug|ARM
		{E01B3FD5-6350-42B3-83FC-5829994D6EE3}.Debug|ARM.Deploy.0 = Debug|ARM
		{E01B3FD5-6350-42B3-83FC-5829994D6EE3}.Debug|x64.ActiveCfg = Debug|x64
		{E01B3FD5-6350-42B3-83FC-5829994D6EE3}.Debug|x64.Build.0 = Debug|x64
		{E01B3FD5-6350-42B3-83FC-5829994D6EE3}.Debug|x64.Deploy.0 = Debug|x64
		{E01B3FD5-6350-42B3-83FC-5829994D6EE3}.Debug|x86.ActiveCfg = Debug|x86
		{E01B3FD5-6350-42B3-83FC-5829994D6EE3}.Debug|x86.Build.0 = Debug|x86
		{E01B3FD5-6350-42B3-83FC-5829994D6EE3}.Debug|x86.Deploy.0 = Debug|x86
		{E01B3FD5-6350-42B3-83FC-5829994D6EE3}.Release|ARM.ActiveCfg = Release|ARM
		{E01B3FD5-6350-42B3-83FC-5829994D6EE3}.Release|ARM.Build.0 = Release|ARM
		{E01B3FD5-6350-42B3-83FC-5829994D6EE3}.Release|ARM.Deploy.0 = Release|ARM
		{E01B3FD5-6350-42B3-83FC-5829994D6EE3}.Release|x64.ActiveCfg = Release|x64
		{E01B3FD5-6350-42B3-83FC-5829994D6EE3}.Release|x64.Build.0 = Release|x64
		{E01B3FD5-6350-42B3-83FC-5829994D6EE3}.Release|x64.Deploy.0 = Release|x64
		{E01B3FD5-6350-42B3-83FC-5829994D6EE3}.Release|x86.ActiveCfg = Release|x86
		{E01B3FD5-6350-42B3-83FC-5829994D6EE3}.Release|x86.Build.0 = Release|x86
		{E01B3FD5-6350-42B3-83FC-5829994D6EE3}.Release|x86.Deploy.0 = Release|x86
	EndGlobalSection
	GlobalSection(SolutionProperties) = preSolution
		HideSolutionNode = FALSE
	EndGlobalSection
EndGlobal
