
Microsoft Visual Studio Solution File, Format Version 12.00
# Visual Studio 14
VisualStudioVersion = 14.0.24720.0
MinimumVisualStudioVersion = 10.0.40219.1
Project("{FAE04EC0-301F-11D3-BF4B-00C04F79EFBC}") = "VSIX_Packaging", "VSIX_Packaging\VSIX_Packaging.csproj", "{0F657DC6-9255-459E-8E19-3DC410AF9985}"
EndProject
Global
	GlobalSection(SolutionConfigurationPlatforms) = preSolution
		Debug|Any CPU = Debug|Any CPU
		Release|Any CPU = Release|Any CPU
	EndGlobalSection
	GlobalSection(ProjectConfigurationPlatforms) = postSolution
		{0F657DC6-9255-459E-8E19-3DC410AF9985}.Debug|Any CPU.ActiveCfg = Release|Any CPU
		{0F657DC6-9255-459E-8E19-3DC410AF9985}.Debug|Any CPU.Build.0 = Release|Any CPU
		{0F657DC6-9255-459E-8E19-3DC410AF9985}.Release|Any CPU.ActiveCfg = Release|Any CPU
		{0F657DC6-9255-459E-8E19-3DC410AF9985}.Release|Any CPU.Build.0 = Release|Any CPU
	EndGlobalSection
	GlobalSection(SolutionProperties) = preSolution
		HideSolutionNode = FALSE
	EndGlobalSection
EndGlobal
